
Microsoft Visual Studio Solution File, Format Version 12.00
# Visual Studio Version 17
VisualStudioVersion = 17.2.32526.322
MinimumVisualStudioVersion = 10.0.40219.1
Project("{FAE04EC0-301F-11D3-BF4B-00C04F79EFBC}") = "Taskinator", "Taskinator.csproj", "{5FE864DE-3821-4A30-BA44-EBA009B2C647}"
EndProject
Global
	GlobalSection(SolutionConfigurationPlatforms) = preSolution
		Debug|Any CPU = Debug|Any CPU
		Release|Any CPU = Release|Any CPU
	EndGlobalSection
	GlobalSection(ProjectConfigurationPlatforms) = postSolution
		{5FE864DE-3821-4A30-BA44-EBA009B2C647}.Debug|Any CPU.ActiveCfg = Debug|Any CPU
		{5FE864DE-3821-4A30-BA44-EBA009B2C647}.Debug|Any CPU.Build.0 = Debug|Any CPU
		{5FE864DE-3821-4A30-BA44-EBA009B2C647}.Release|Any CPU.ActiveCfg = Release|Any CPU
		{5FE864DE-3821-4A30-BA44-EBA009B2C647}.Release|Any CPU.Build.0 = Release|Any CPU
	EndGlobalSection
	GlobalSection(SolutionProperties) = preSolution
		HideSolutionNode = FALSE
	EndGlobalSection
	GlobalSection(ExtensibilityGlobals) = postSolution
		SolutionGuid = {25490933-23CF-40C2-890B-FC882B7CF7BB}
	EndGlobalSection
EndGlobal
